
Microsoft Visual Studio Solution File, Format Version 12.00
# Visual Studio 15
VisualStudioVersion = 15.0.27428.2037
MinimumVisualStudioVersion = 10.0.40219.1
Project("{FAE04EC0-301F-11D3-BF4B-00C04F79EFBC}") = "OutlookBitrixAddIn", "OutlookBitrixAddIn\OutlookBitrixAddIn.csproj", "{601BB5AF-121A-44C1-9042-46D7B6E2CC89}"
EndProject
Global
	GlobalSection(SolutionConfigurationPlatforms) = preSolution
		Debug|Any CPU = Debug|Any CPU
		Release|Any CPU = Release|Any CPU
	EndGlobalSection
	GlobalSection(ProjectConfigurationPlatforms) = postSolution
		{601BB5AF-121A-44C1-9042-46D7B6E2CC89}.Debug|Any CPU.ActiveCfg = Debug|Any CPU
		{601BB5AF-121A-44C1-9042-46D7B6E2CC89}.Debug|Any CPU.Build.0 = Debug|Any CPU
		{601BB5AF-121A-44C1-9042-46D7B6E2CC89}.Release|Any CPU.ActiveCfg = Release|Any CPU
		{601BB5AF-121A-44C1-9042-46D7B6E2CC89}.Release|Any CPU.Build.0 = Release|Any CPU
	EndGlobalSection
	GlobalSection(SolutionProperties) = preSolution
		HideSolutionNode = FALSE
	EndGlobalSection
	GlobalSection(ExtensibilityGlobals) = postSolution
		SolutionGuid = {FF9FBC36-D811-4C71-BE39-F96B87DAF0E7}
	EndGlobalSection
EndGlobal
